// !$*UTF8*$!
{
	archiveVersion = 1;
	classes = {};
	objectVersion = 54;
	objects = {

/* Begin PBXBuildFile section */
		A1B2C3D4E5F60718293A4B5C /* ColorPickerApp.swift in Sources */ = {isa = PBXBuildFile; fileRef = A1B2C3D4E5F60718293A4B5D /* ColorPickerApp.swift */; };
		A1B2C3D4E5F60718293A4B5E /* ContentView.swift in Sources */ = {isa = PBXBuildFile; fileRef = A1B2C3D4E5F60718293A4B5F /* ContentView.swift */; };
		A1B2C3D4E5F60718293A4B60 /* ColorEntry.swift in Sources */ = {isa = PBXBuildFile; fileRef = A1B2C3D4E5F60718293A4B61 /* ColorEntry.swift */; };
		A1B2C3D4E5F60718293A4B62 /* ColorExtensions.swift in Sources */ = {isa = PBXBuildFile; fileRef = A1B2C3D4E5F60718293A4B63 /* ColorExtensions.swift */; };
		A1B2C3D4E5F60718293A4B64 /* ColorLibrary.swift in Sources */ = {isa = PBXBuildFile; fileRef = A1B2C3D4E5F60718293A4B65 /* ColorLibrary.swift */; };
		A1B2C3D4E5F60718293A4B66 /* PickerView.swift in Sources */ = {isa = PBXBuildFile; fileRef = A1B2C3D4E5F60718293A4B67 /* PickerView.swift */; };
		A1B2C3D4E5F60718293A4B68 /* PaletteView.swift in Sources */ = {isa = PBXBuildFile; fileRef = A1B2C3D4E5F60718293A4B69 /* PaletteView.swift */; };
		A1B2C3D4E5F60718293A4B6A /* PaletteDetailView.swift in Sources */ = {isa = PBXBuildFile; fileRef = A1B2C3D4E5F60718293A4B6B /* PaletteDetailView.swift */; };
		A1B2C3D4E5F60718293A4B6C /* CameraView.swift in Sources */ = {isa = PBXBuildFile; fileRef = A1B2C3D4E5F60718293A4B6D /* CameraView.swift */; };
		A1B2C3D4E5F60718293A4B6E /* ExploreView.swift in Sources */ = {isa = PBXBuildFile; fileRef = A1B2C3D4E5F60718293A4B6F /* ExploreView.swift */; };
		A1B2C3D4E5F60718293A4B70 /* colors.json in Resources */ = {isa = PBXBuildFile; fileRef = A1B2C3D4E5F60718293A4B71 /* colors.json */; };
		A1B2C3D4E5F60718293A4B72 /* Assets.xcassets in Resources */ = {isa = PBXBuildFile; fileRef = A1B2C3D4E5F60718293A4B73 /* Assets.xcassets */; };
/* End PBXBuildFile section */

/* Begin PBXFileReference section */
		A1B2C3D4E5F60718293A4B5D /* ColorPickerApp.swift */ = {isa = PBXFileReference; lastKnownFileType = sourcecode.swift; path = ColorPickerApp.swift; sourceTree = "<group>"; };
		A1B2C3D4E5F60718293A4B5F /* ContentView.swift */ = {isa = PBXFileReference; lastKnownFileType = sourcecode.swift; path = ContentView.swift; sourceTree = "<group>"; };
		A1B2C3D4E5F60718293A4B61 /* ColorEntry.swift */ = {isa = PBXFileReference; lastKnownFileType = sourcecode.swift; path = ColorEntry.swift; sourceTree = "<group>"; };
		A1B2C3D4E5F60718293A4B63 /* ColorExtensions.swift */ = {isa = PBXFileReference; lastKnownFileType = sourcecode.swift; path = ColorExtensions.swift; sourceTree = "<group>"; };
		A1B2C3D4E5F60718293A4B65 /* ColorLibrary.swift */ = {isa = PBXFileReference; lastKnownFileType = sourcecode.swift; path = ColorLibrary.swift; sourceTree = "<group>"; };
		A1B2C3D4E5F60718293A4B67 /* PickerView.swift */ = {isa = PBXFileReference; lastKnownFileType = sourcecode.swift; path = PickerView.swift; sourceTree = "<group>"; };
		A1B2C3D4E5F60718293A4B69 /* PaletteView.swift */ = {isa = PBXFileReference; lastKnownFileType = sourcecode.swift; path = PaletteView.swift; sourceTree = "<group>"; };
		A1B2C3D4E5F60718293A4B6B /* PaletteDetailView.swift */ = {isa = PBXFileReference; lastKnownFileType = sourcecode.swift; path = PaletteDetailView.swift; sourceTree = "<group>"; };
		A1B2C3D4E5F60718293A4B6D /* CameraView.swift */ = {isa = PBXFileReference; lastKnownFileType = sourcecode.swift; path = CameraView.swift; sourceTree = "<group>"; };
		A1B2C3D4E5F60718293A4B6F /* ExploreView.swift */ = {isa = PBXFileReference; lastKnownFileType = sourcecode.swift; path = ExploreView.swift; sourceTree = "<group>"; };
		A1B2C3D4E5F60718293A4B71 /* colors.json */ = {isa = PBXFileReference; lastKnownFileType = text.json; path = colors.json; sourceTree = "<group>"; };
		A1B2C3D4E5F60718293A4B73 /* Assets.xcassets */ = {isa = PBXFileReference; lastKnownFileType = folder.assetcatalog; path = Assets.xcassets; sourceTree = "<group>"; };
		A1B2C3D4E5F60718293A4B74 /* Info.plist */ = {isa = PBXFileReference; lastKnownFileType = text.plist.xml; path = Info.plist; sourceTree = "<group>"; };
		A1B2C3D4E5F60718293A4B75 /* ColorPicker.app */ = {isa = PBXFileReference; explicitFileType = wrapper.application; path = ColorPicker.app; sourceTree = BUILT_PRODUCTS_DIR; };
/* End PBXFileReference section */

/* Begin PBXGroup section */
		A1B2C3D4E5F60718293A4B50 = {
			isa = PBXGroup;
			children = (
				A1B2C3D4E5F60718293A4B51 /* ColorPicker */,
				A1B2C3D4E5F60718293A4B52 /* Products */,
			);
			sourceTree = "<group>";
		};
		A1B2C3D4E5F60718293A4B51 /* ColorPicker */ = {
			isa = PBXGroup;
			children = (
				A1B2C3D4E5F60718293A4B53 /* Sources */,
				A1B2C3D4E5F60718293A4B54 /* Models */,
				A1B2C3D4E5F60718293A4B55 /* Services */,
				A1B2C3D4E5F60718293A4B56 /* Views */,
				A1B2C3D4E5F60718293A4B57 /* Resources */,
			);
			path = "";
			sourceTree = "<group>";
		};
		A1B2C3D4E5F60718293A4B52 /* Products */ = {
			isa = PBXGroup;
			children = (
				A1B2C3D4E5F60718293A4B75 /* ColorPicker.app */,
			);
			sourceTree = "<group>";
		};
		A1B2C3D4E5F60718293A4B53 /* Sources */ = {
			isa = PBXGroup;
			children = (
				A1B2C3D4E5F60718293A4B5D /* ColorPickerApp.swift */,
				A1B2C3D4E5F60718293A4B5F /* ContentView.swift */,
			);
			path = ColorPicker;
			sourceTree = "<group>";
		};
		A1B2C3D4E5F60718293A4B54 /* Models */ = {
			isa = PBXGroup;
			children = (
				A1B2C3D4E5F60718293A4B61 /* ColorEntry.swift */,
				A1B2C3D4E5F60718293A4B63 /* ColorExtensions.swift */,
			);
			path = Models;
			sourceTree = "<group>";
		};
		A1B2C3D4E5F60718293A4B55 /* Services */ = {
			isa = PBXGroup;
			children = (
				A1B2C3D4E5F60718293A4B65 /* ColorLibrary.swift */,
			);
			path = Services;
			sourceTree = "<group>";
		};
		A1B2C3D4E5F60718293A4B56 /* Views */ = {
			isa = PBXGroup;
			children = (
				A1B2C3D4E5F60718293A4B67 /* PickerView.swift */,
				A1B2C3D4E5F60718293A4B69 /* PaletteView.swift */,
				A1B2C3D4E5F60718293A4B6B /* PaletteDetailView.swift */,
				A1B2C3D4E5F60718293A4B6D /* CameraView.swift */,
				A1B2C3D4E5F60718293A4B6F /* ExploreView.swift */,
			);
			path = Views;
			sourceTree = "<group>";
		};
		A1B2C3D4E5F60718293A4B57 /* Resources */ = {
			isa = PBXGroup;
			children = (
				A1B2C3D4E5F60718293A4B73 /* Assets.xcassets */,
				A1B2C3D4E5F60718293A4B71 /* colors.json */,
				A1B2C3D4E5F60718293A4B74 /* Info.plist */,
			);
			path = Resources;
			sourceTree = "<group>";
		};
/* End PBXGroup section */

/* Begin PBXNativeTarget section */
		A1B2C3D4E5F60718293A4B76 /* ColorPicker */ = {
			isa = PBXNativeTarget;
			buildConfigurationList = A1B2C3D4E5F60718293A4B77 /* Build configuration list for PBXNativeTarget "ColorPicker" */;
			buildPhases = (
				A1B2C3D4E5F60718293A4B78 /* Sources */,
				A1B2C3D4E5F60718293A4B79 /* Resources */,
			);
			buildRules = ();
			dependencies = ();
			name = ColorPicker;
			productName = ColorPicker;
			productReference = A1B2C3D4E5F60718293A4B75 /* ColorPicker.app */;
			productType = "com.apple.product-type.application";
		};
/* End PBXNativeTarget section */

/* Begin PBXProject section */
		A1B2C3D4E5F60718293A4B7A /* Project object */ = {
			isa = PBXProject;
			attributes = {
				BuildIndependentTargetsInParallel = 1;
				LastUpgradeCheck = 1500;
				TargetAttributes = {
					A1B2C3D4E5F60718293A4B76 = {
						CreatedOnToolsVersion = 15.0;
					};
				};
			};
			buildConfigurationList = A1B2C3D4E5F60718293A4B7B /* Build configuration list for PBXProject "ColorPicker" */;
			compatibilityVersion = "Xcode 15.0";
			developmentRegion = en;
			hasScannedForEncodings = 0;
			knownRegions = (
				en,
				Base,
			);
			mainGroup = A1B2C3D4E5F60718293A4B50;
			productRefGroup = A1B2C3D4E5F60718293A4B52 /* Products */;
			projectDirPath = "";
			projectRoot = "";
			targets = (
				A1B2C3D4E5F60718293A4B76 /* ColorPicker */,
			);
		};
/* End PBXProject section */

/* Begin PBXResourcesBuildPhase section */
		A1B2C3D4E5F60718293A4B79 /* Resources */ = {
			isa = PBXResourcesBuildPhase;
			buildActionMask = 2147483647;
			files = (
				A1B2C3D4E5F60718293A4B70 /* colors.json in Resources */,
				A1B2C3D4E5F60718293A4B72 /* Assets.xcassets in Resources */,
			);
			runOnlyForDeploymentPostprocessing = 0;
		};
/* End PBXResourcesBuildPhase section */

/* Begin PBXSourcesBuildPhase section */
		A1B2C3D4E5F60718293A4B78 /* Sources */ = {
			isa = PBXSourcesBuildPhase;
			buildActionMask = 2147483647;
			files = (
				A1B2C3D4E5F60718293A4B5C /* ColorPickerApp.swift in Sources */,
				A1B2C3D4E5F60718293A4B5E /* ContentView.swift in Sources */,
				A1B2C3D4E5F60718293A4B60 /* ColorEntry.swift in Sources */,
				A1B2C3D4E5F60718293A4B62 /* ColorExtensions.swift in Sources */,
				A1B2C3D4E5F60718293A4B64 /* ColorLibrary.swift in Sources */,
				A1B2C3D4E5F60718293A4B66 /* PickerView.swift in Sources */,
				A1B2C3D4E5F60718293A4B68 /* PaletteView.swift in Sources */,
				A1B2C3D4E5F60718293A4B6A /* PaletteDetailView.swift in Sources */,
				A1B2C3D4E5F60718293A4B6C /* CameraView.swift in Sources */,
				A1B2C3D4E5F60718293A4B6E /* ExploreView.swift in Sources */,
			);
			runOnlyForDeploymentPostprocessing = 0;
		};
/* End PBXSourcesBuildPhase section */

/* Begin XCBuildConfiguration section */
		A1B2C3D4E5F60718293A4B7C /* Debug */ = {
			isa = XCBuildConfiguration;
			buildSettings = {
				ASSETCATALOG_COMPILER_APPICON_NAME = AppIcon;
				CODE_SIGN_STYLE = Automatic;
				DEVELOPMENT_TEAM = "";
				INFOPLIST_FILE = ColorPicker/Resources/Info.plist;
				IPHONEOS_DEPLOYMENT_TARGET = 16.0;
				PRODUCT_BUNDLE_IDENTIFIER = com.primortex.colorpicker.ios;
				PRODUCT_NAME = "$(TARGET_NAME)";
				SWIFT_VERSION = 5.0;
				TARGETED_DEVICE_FAMILY = "1,2";
			};
			name = Debug;
		};
		A1B2C3D4E5F60718293A4B7D /* Release */ = {
			isa = XCBuildConfiguration;
			buildSettings = {
				ASSETCATALOG_COMPILER_APPICON_NAME = AppIcon;
				CODE_SIGN_STYLE = Automatic;
				DEVELOPMENT_TEAM = "";
				INFOPLIST_FILE = ColorPicker/Resources/Info.plist;
				IPHONEOS_DEPLOYMENT_TARGET = 16.0;
				PRODUCT_BUNDLE_IDENTIFIER = com.primortex.colorpicker.ios;
				PRODUCT_NAME = "$(TARGET_NAME)";
				SWIFT_VERSION = 5.0;
				TARGETED_DEVICE_FAMILY = "1,2";
			};
			name = Release;
		};
		A1B2C3D4E5F60718293A4B7E /* Debug */ = {
			isa = XCBuildConfiguration;
			buildSettings = {
				ALWAYS_SEARCH_USER_PATHS = NO;
				CLANG_ANALYZER_NONNULL = YES;
				CLANG_CXX_LANGUAGE_STANDARD = "gnu++20";
				CLANG_ENABLE_MODULES = YES;
				CLANG_ENABLE_OBJC_ARC = YES;
				CLANG_WARN_QUOTED_INCLUDE_IN_FRAMEWORK_HEADER = YES;
				CLANG_WARN_STRICT_PROTOTYPES = YES;
				CODE_SIGN_IDENTITY = "";
				DEBUG_INFORMATION_FORMAT = dwarf;
				ENABLE_STRICT_OBJC_MSGSEND = YES;
				GCC_C_LANGUAGE_STANDARD = gnu11;
				GCC_NO_COMMON_BLOCKS = YES;
				GCC_WARN_64_TO_32_BIT_CONVERSION = YES;
				GCC_WARN_ABOUT_RETURN_TYPE = YES;
				GCC_WARN_UNDECLARED_SELECTOR = YES;
				GCC_WARN_UNINITIALIZED_AUTOS = YES;
				GCC_WARN_UNUSED_FUNCTION = YES;
				GCC_WARN_UNUSED_VARIABLE = YES;
				IPHONEOS_DEPLOYMENT_TARGET = 16.0;
				SWIFT_OPTIMIZATION_LEVEL = "-Onone";
			};
			name = Debug;
		};
		A1B2C3D4E5F60718293A4B7F /* Release */ = {
			isa = XCBuildConfiguration;
			buildSettings = {
				ALWAYS_SEARCH_USER_PATHS = NO;
				CLANG_ANALYZER_NONNULL = YES;
				CLANG_CXX_LANGUAGE_STANDARD = "gnu++20";
				CLANG_ENABLE_MODULES = YES;
				CLANG_ENABLE_OBJC_ARC = YES;
				CLANG_WARN_QUOTED_INCLUDE_IN_FRAMEWORK_HEADER = YES;
				CLANG_WARN_STRICT_PROTOTYPES = YES;
				CODE_SIGN_IDENTITY = "";
				DEBUG_INFORMATION_FORMAT = dwarf;
				ENABLE_STRICT_OBJC_MSGSEND = YES;
				GCC_C_LANGUAGE_STANDARD = gnu11;
				GCC_NO_COMMON_BLOCKS = YES;
				GCC_WARN_64_TO_32_BIT_CONVERSION = YES;
				GCC_WARN_ABOUT_RETURN_TYPE = YES;
				GCC_WARN_UNDECLARED_SELECTOR = YES;
				GCC_WARN_UNINITIALIZED_AUTOS = YES;
				GCC_WARN_UNUSED_FUNCTION = YES;
				GCC_WARN_UNUSED_VARIABLE = YES;
				IPHONEOS_DEPLOYMENT_TARGET = 16.0;
				SWIFT_OPTIMIZATION_LEVEL = "-Owholemodule";
			};
			name = Release;
		};
/* End XCBuildConfiguration section */

/* Begin XCConfigurationList section */
		A1B2C3D4E5F60718293A4B77 /* Build configuration list for PBXNativeTarget "ColorPicker" */ = {
			isa = XCConfigurationList;
			buildConfigurations = (
				A1B2C3D4E5F60718293A4B7C /* Debug */,
				A1B2C3D4E5F60718293A4B7D /* Release */,
			);
			defaultConfigurationIsVisible = 0;
			defaultConfigurationName = Release;
		};
		A1B2C3D4E5F60718293A4B7B /* Build configuration list for PBXProject "ColorPicker" */ = {
			isa = XCConfigurationList;
			buildConfigurations = (
				A1B2C3D4E5F60718293A4B7E /* Debug */,
				A1B2C3D4E5F60718293A4B7F /* Release */,
			);
			defaultConfigurationIsVisible = 0;
			defaultConfigurationName = Release;
		};
/* End XCConfigurationList section */
	};
	rootObject = A1B2C3D4E5F60718293A4B7A /* Project object */;
}
